// !$*UTF8*$!
{
	archiveVersion = 1;
	classes = {
	};
	objectVersion = 46;
	objects = {

/* Begin PBXBuildFile section */
		F3328DE11C8399C100E5AFE5 /* AppDelegate.swift in Sources */ = {isa = PBXBuildFile; fileRef = F3328DE01C8399C100E5AFE5 /* AppDelegate.swift */; };
		F3328DE31C8399C100E5AFE5 /* ViewController.swift in Sources */ = {isa = PBXBuildFile; fileRef = F3328DE21C8399C100E5AFE5 /* ViewController.swift */; };
		F3328DE61C8399C100E5AFE5 /* Main.storyboard in Resources */ = {isa = PBXBuildFile; fileRef = F3328DE41C8399C100E5AFE5 /* Main.storyboard */; };
		F3328DE81C8399C100E5AFE5 /* Assets.xcassets in Resources */ = {isa = PBXBuildFile; fileRef = F3328DE71C8399C100E5AFE5 /* Assets.xcassets */; };
		F3328DEB1C8399C100E5AFE5 /* LaunchScreen.storyboard in Resources */ = {isa = PBXBuildFile; fileRef = F3328DE91C8399C100E5AFE5 /* LaunchScreen.storyboard */; };
		F3328DF61C8399C100E5AFE5 /* scheduler_appTests.swift in Sources */ = {isa = PBXBuildFile; fileRef = F3328DF51C8399C100E5AFE5 /* scheduler_appTests.swift */; };
		F3328E011C8399C100E5AFE5 /* scheduler_appUITests.swift in Sources */ = {isa = PBXBuildFile; fileRef = F3328E001C8399C100E5AFE5 /* scheduler_appUITests.swift */; };
/* End PBXBuildFile section */

/* Begin PBXContainerItemProxy section */
		F3328DF21C8399C100E5AFE5 /* PBXContainerItemProxy */ = {
			isa = PBXContainerItemProxy;
			containerPortal = F3328DD51C8399C000E5AFE5 /* Project object */;
			proxyType = 1;
			remoteGlobalIDString = F3328DDC1C8399C000E5AFE5;
			remoteInfo = "scheduler-app";
		};
		F3328DFD1C8399C100E5AFE5 /* PBXContainerItemProxy */ = {
			isa = PBXContainerItemProxy;
			containerPortal = F3328DD51C8399C000E5AFE5 /* Project object */;
			proxyType = 1;
			remoteGlobalIDString = F3328DDC1C8399C000E5AFE5;
			remoteInfo = "scheduler-app";
		};
/* End PBXContainerItemProxy section */

/* Begin PBXFileReference section */
		F3328DDD1C8399C100E5AFE5 /* scheduler-app.app */ = {isa = PBXFileReference; explicitFileType = wrapper.application; includeInIndex = 0; path = "scheduler-app.app"; sourceTree = BUILT_PRODUCTS_DIR; };
		F3328DE01C8399C100E5AFE5 /* AppDelegate.swift */ = {isa = PBXFileReference; lastKnownFileType = sourcecode.swift; path = AppDelegate.swift; sourceTree = "<group>"; };
		F3328DE21C8399C100E5AFE5 /* ViewController.swift */ = {isa = PBXFileReference; lastKnownFileType = sourcecode.swift; path = ViewController.swift; sourceTree = "<group>"; };
		F3328DE51C8399C100E5AFE5 /* Base */ = {isa = PBXFileReference; lastKnownFileType = file.storyboard; name = Base; path = Base.lproj/Main.storyboard; sourceTree = "<group>"; };
		F3328DE71C8399C100E5AFE5 /* Assets.xcassets */ = {isa = PBXFileReference; lastKnownFileType = folder.assetcatalog; path = Assets.xcassets; sourceTree = "<group>"; };
		F3328DEA1C8399C100E5AFE5 /* Base */ = {isa = PBXFileReference; lastKnownFileType = file.storyboard; name = Base; path = Base.lproj/LaunchScreen.storyboard; sourceTree = "<group>"; };
		F3328DEC1C8399C100E5AFE5 /* Info.plist */ = {isa = PBXFileReference; lastKnownFileType = text.plist.xml; path = Info.plist; sourceTree = "<group>"; };
		F3328DF11C8399C100E5AFE5 /* scheduler-appTests.xctest */ = {isa = PBXFileReference; explicitFileType = wrapper.cfbundle; includeInIndex = 0; path = "scheduler-appTests.xctest"; sourceTree = BUILT_PRODUCTS_DIR; };
		F3328DF51C8399C100E5AFE5 /* scheduler_appTests.swift */ = {isa = PBXFileReference; lastKnownFileType = sourcecode.swift; path = scheduler_appTests.swift; sourceTree = "<group>"; };
		F3328DF71C8399C100E5AFE5 /* Info.plist */ = {isa = PBXFileReference; lastKnownFileType = text.plist.xml; path = Info.plist; sourceTree = "<group>"; };
		F3328DFC1C8399C100E5AFE5 /* scheduler-appUITests.xctest */ = {isa = PBXFileReference; explicitFileType = wrapper.cfbundle; includeInIndex = 0; path = "scheduler-appUITests.xctest"; sourceTree = BUILT_PRODUCTS_DIR; };
		F3328E001C8399C100E5AFE5 /* scheduler_appUITests.swift */ = {isa = PBXFileReference; lastKnownFileType = sourcecode.swift; path = scheduler_appUITests.swift; sourceTree = "<group>"; };
		F3328E021C8399C100E5AFE5 /* Info.plist */ = {isa = PBXFileReference; lastKnownFileType = text.plist.xml; path = Info.plist; sourceTree = "<group>"; };
/* End PBXFileReference section */

/* Begin PBXFrameworksBuildPhase section */
		F3328DDA1C8399C000E5AFE5 /* Frameworks */ = {
			isa = PBXFrameworksBuildPhase;
			buildActionMask = 2147483647;
			files = (
			);
			runOnlyForDeploymentPostprocessing = 0;
		};
		F3328DEE1C8399C100E5AFE5 /* Frameworks */ = {
			isa = PBXFrameworksBuildPhase;
			buildActionMask = 2147483647;
			files = (
			);
			runOnlyForDeploymentPostprocessing = 0;
		};
		F3328DF91C8399C100E5AFE5 /* Frameworks */ = {
			isa = PBXFrameworksBuildPhase;
			buildActionMask = 2147483647;
			files = (
			);
			runOnlyForDeploymentPostprocessing = 0;
		};
/* End PBXFrameworksBuildPhase section */

/* Begin PBXGroup section */
		F3328DD41C8399C000E5AFE5 = {
			isa = PBXGroup;
			children = (
				F3328DDF1C8399C100E5AFE5 /* scheduler-app */,
				F3328DF41C8399C100E5AFE5 /* scheduler-appTests */,
				F3328DFF1C8399C100E5AFE5 /* scheduler-appUITests */,
				F3328DDE1C8399C100E5AFE5 /* Products */,
			);
			sourceTree = "<group>";
		};
		F3328DDE1C8399C100E5AFE5 /* Products */ = {
			isa = PBXGroup;
			children = (
				F3328DDD1C8399C100E5AFE5 /* scheduler-app.app */,
				F3328DF11C8399C100E5AFE5 /* scheduler-appTests.xctest */,
				F3328DFC1C8399C100E5AFE5 /* scheduler-appUITests.xctest */,
			);
			name = Products;
			sourceTree = "<group>";
		};
		F3328DDF1C8399C100E5AFE5 /* scheduler-app */ = {
			isa = PBXGroup;
			children = (
				F3328DE01C8399C100E5AFE5 /* AppDelegate.swift */,
				F3328DE21C8399C100E5AFE5 /* ViewController.swift */,
				F3328DE41C8399C100E5AFE5 /* Main.storyboard */,
				F3328DE71C8399C100E5AFE5 /* Assets.xcassets */,
				F3328DE91C8399C100E5AFE5 /* LaunchScreen.storyboard */,
				F3328DEC1C8399C100E5AFE5 /* Info.plist */,
			);
			path = "scheduler-app";
			sourceTree = "<group>";
		};
		F3328DF41C8399C100E5AFE5 /* scheduler-appTests */ = {
			isa = PBXGroup;
			children = (
				F3328DF51C8399C100E5AFE5 /* scheduler_appTests.swift */,
				F3328DF71C8399C100E5AFE5 /* Info.plist */,
			);
			path = "scheduler-appTests";
			sourceTree = "<group>";
		};
		F3328DFF1C8399C100E5AFE5 /* scheduler-appUITests */ = {
			isa = PBXGroup;
			children = (
				F3328E001C8399C100E5AFE5 /* scheduler_appUITests.swift */,
				F3328E021C8399C100E5AFE5 /* Info.plist */,
			);
			path = "scheduler-appUITests";
			sourceTree = "<group>";
		};
/* End PBXGroup section */

/* Begin PBXNativeTarget section */
		F3328DDC1C8399C000E5AFE5 /* scheduler-app */ = {
			isa = PBXNativeTarget;
			buildConfigurationList = F3328E051C8399C100E5AFE5 /* Build configuration list for PBXNativeTarget "scheduler-app" */;
			buildPhases = (
				F3328DD91C8399C000E5AFE5 /* Sources */,
				F3328DDA1C8399C000E5AFE5 /* Frameworks */,
				F3328DDB1C8399C000E5AFE5 /* Resources */,
			);
			buildRules = (
			);
			dependencies = (
			);
			name = "scheduler-app";
			productName = "scheduler-app";
			productReference = F3328DDD1C8399C100E5AFE5 /* scheduler-app.app */;
			productType = "com.apple.product-type.application";
		};
		F3328DF01C8399C100E5AFE5 /* scheduler-appTests */ = {
			isa = PBXNativeTarget;
			buildConfigurationList = F3328E081C8399C100E5AFE5 /* Build configuration list for PBXNativeTarget "scheduler-appTests" */;
			buildPhases = (
				F3328DED1C8399C100E5AFE5 /* Sources */,
				F3328DEE1C8399C100E5AFE5 /* Frameworks */,
				F3328DEF1C8399C100E5AFE5 /* Resources */,
			);
			buildRules = (
			);
			dependencies = (
				F3328DF31C8399C100E5AFE5 /* PBXTargetDependency */,
			);
			name = "scheduler-appTests";
			productName = "scheduler-appTests";
			productReference = F3328DF11C8399C100E5AFE5 /* scheduler-appTests.xctest */;
			productType = "com.apple.product-type.bundle.unit-test";
		};
		F3328DFB1C8399C100E5AFE5 /* scheduler-appUITests */ = {
			isa = PBXNativeTarget;
			buildConfigurationList = F3328E0B1C8399C100E5AFE5 /* Build configuration list for PBXNativeTarget "scheduler-appUITests" */;
			buildPhases = (
				F3328DF81C8399C100E5AFE5 /* Sources */,
				F3328DF91C8399C100E5AFE5 /* Frameworks */,
				F3328DFA1C8399C100E5AFE5 /* Resources */,
			);
			buildRules = (
			);
			dependencies = (
				F3328DFE1C8399C100E5AFE5 /* PBXTargetDependency */,
			);
			name = "scheduler-appUITests";
			productName = "scheduler-appUITests";
			productReference = F3328DFC1C8399C100E5AFE5 /* scheduler-appUITests.xctest */;
			productType = "com.apple.product-type.bundle.ui-testing";
		};
/* End PBXNativeTarget section */

/* Begin PBXProject section */
		F3328DD51C8399C000E5AFE5 /* Project object */ = {
			isa = PBXProject;
			attributes = {
				LastSwiftUpdateCheck = 0720;
				LastUpgradeCheck = 0720;
				ORGANIZATIONNAME = Victoria;
				TargetAttributes = {
					F3328DDC1C8399C000E5AFE5 = {
						CreatedOnToolsVersion = 7.2.1;
					};
					F3328DF01C8399C100E5AFE5 = {
						CreatedOnToolsVersion = 7.2.1;
						TestTargetID = F3328DDC1C8399C000E5AFE5;
					};
					F3328DFB1C8399C100E5AFE5 = {
						CreatedOnToolsVersion = 7.2.1;
						TestTargetID = F3328DDC1C8399C000E5AFE5;
					};
				};
			};
			buildConfigurationList = F3328DD81C8399C000E5AFE5 /* Build configuration list for PBXProject "scheduler-app" */;
			compatibilityVersion = "Xcode 3.2";
			developmentRegion = English;
			hasScannedForEncodings = 0;
			knownRegions = (
				en,
				Base,
			);
			mainGroup = F3328DD41C8399C000E5AFE5;
			productRefGroup = F3328DDE1C8399C100E5AFE5 /* Products */;
			projectDirPath = "";
			projectRoot = "";
			targets = (
				F3328DDC1C8399C000E5AFE5 /* scheduler-app */,
				F3328DF01C8399C100E5AFE5 /* scheduler-appTests */,
				F3328DFB1C8399C100E5AFE5 /* scheduler-appUITests */,
			);
		};
/* End PBXProject section */

/* Begin PBXResourcesBuildPhase section */
		F3328DDB1C8399C000E5AFE5 /* Resources */ = {
			isa = PBXResourcesBuildPhase;
			buildActionMask = 2147483647;
			files = (
				F3328DEB1C8399C100E5AFE5 /* LaunchScreen.storyboard in Resources */,
				F3328DE81C8399C100E5AFE5 /* Assets.xcassets in Resources */,
				F3328DE61C8399C100E5AFE5 /* Main.storyboard in Resources */,
			);
			runOnlyForDeploymentPostprocessing = 0;
		};
		F3328DEF1C8399C100E5AFE5 /* Resources */ = {
			isa = PBXResourcesBuildPhase;
			buildActionMask = 2147483647;
			files = (
			);
			runOnlyForDeploymentPostprocessing = 0;
		};
		F3328DFA1C8399C100E5AFE5 /* Resources */ = {
			isa = PBXResourcesBuildPhase;
			buildActionMask = 2147483647;
			files = (
			);
			runOnlyForDeploymentPostprocessing = 0;
		};
/* End PBXResourcesBuildPhase section */

/* Begin PBXSourcesBuildPhase section */
		F3328DD91C8399C000E5AFE5 /* Sources */ = {
			isa = PBXSourcesBuildPhase;
			buildActionMask = 2147483647;
			files = (
				F3328DE31C8399C100E5AFE5 /* ViewController.swift in Sources */,
				F3328DE11C8399C100E5AFE5 /* AppDelegate.swift in Sources */,
			);
			runOnlyForDeploymentPostprocessing = 0;
		};
		F3328DED1C8399C100E5AFE5 /* Sources */ = {
			isa = PBXSourcesBuildPhase;
			buildActionMask = 2147483647;
			files = (
				F3328DF61C8399C100E5AFE5 /* scheduler_appTests.swift in Sources */,
			);
			runOnlyForDeploymentPostprocessing = 0;
		};
		F3328DF81C8399C100E5AFE5 /* Sources */ = {
			isa = PBXSourcesBuildPhase;
			buildActionMask = 2147483647;
			files = (
				F3328E011C8399C100E5AFE5 /* scheduler_appUITests.swift in Sources */,
			);
			runOnlyForDeploymentPostprocessing = 0;
		};
/* End PBXSourcesBuildPhase section */

/* Begin PBXTargetDependency section */
		F3328DF31C8399C100E5AFE5 /* PBXTargetDependency */ = {
			isa = PBXTargetDependency;
			target = F3328DDC1C8399C000E5AFE5 /* scheduler-app */;
			targetProxy = F3328DF21C8399C100E5AFE5 /* PBXContainerItemProxy */;
		};
		F3328DFE1C8399C100E5AFE5 /* PBXTargetDependency */ = {
			isa = PBXTargetDependency;
			target = F3328DDC1C8399C000E5AFE5 /* scheduler-app */;
			targetProxy = F3328DFD1C8399C100E5AFE5 /* PBXContainerItemProxy */;
		};
/* End PBXTargetDependency section */

/* Begin PBXVariantGroup section */
		F3328DE41C8399C100E5AFE5 /* Main.storyboard */ = {
			isa = PBXVariantGroup;
			children = (
				F3328DE51C8399C100E5AFE5 /* Base */,
			);
			name = Main.storyboard;
			sourceTree = "<group>";
		};
		F3328DE91C8399C100E5AFE5 /* LaunchScreen.storyboard */ = {
			isa = PBXVariantGroup;
			children = (
				F3328DEA1C8399C100E5AFE5 /* Base */,
			);
			name = LaunchScreen.storyboard;
			sourceTree = "<group>";
		};
/* End PBXVariantGroup section */

/* Begin XCBuildConfiguration section */
		F3328E031C8399C100E5AFE5 /* Debug */ = {
			isa = XCBuildConfiguration;
			buildSettings = {
				ALWAYS_SEARCH_USER_PATHS = NO;
				CLANG_CXX_LANGUAGE_STANDARD = "gnu++0x";
				CLANG_CXX_LIBRARY = "libc++";
				CLANG_ENABLE_MODULES = YES;
				CLANG_ENABLE_OBJC_ARC = YES;
				CLANG_WARN_BOOL_CONVERSION = YES;
				CLANG_WARN_CONSTANT_CONVERSION = YES;
				CLANG_WARN_DIRECT_OBJC_ISA_USAGE = YES_ERROR;
				CLANG_WARN_EMPTY_BODY = YES;
				CLANG_WARN_ENUM_CONVERSION = YES;
				CLANG_WARN_INT_CONVERSION = YES;
				CLANG_WARN_OBJC_ROOT_CLASS = YES_ERROR;
				CLANG_WARN_UNREACHABLE_CODE = YES;
				CLANG_WARN__DUPLICATE_METHOD_MATCH = YES;
				"CODE_SIGN_IDENTITY[sdk=iphoneos*]" = "iPhone Developer";
				COPY_PHASE_STRIP = NO;
				DEBUG_INFORMATION_FORMAT = dwarf;
				ENABLE_STRICT_OBJC_MSGSEND = YES;
				ENABLE_TESTABILITY = YES;
				GCC_C_LANGUAGE_STANDARD = gnu99;
				GCC_DYNAMIC_NO_PIC = NO;
				GCC_NO_COMMON_BLOCKS = YES;
				GCC_OPTIMIZATION_LEVEL = 0;
				GCC_PREPROCESSOR_DEFINITIONS = (
					"DEBUG=1",
					"$(inherited)",
				);
				GCC_WARN_64_TO_32_BIT_CONVERSION = YES;
				GCC_WARN_ABOUT_RETURN_TYPE = YES_ERROR;
				GCC_WARN_UNDECLARED_SELECTOR = YES;
				GCC_WARN_UNINITIALIZED_AUTOS = YES_AGGRESSIVE;
				GCC_WARN_UNUSED_FUNCTION = YES;
				GCC_WARN_UNUSED_VARIABLE = YES;
				IPHONEOS_DEPLOYMENT_TARGET = 9.2;
				MTL_ENABLE_DEBUG_INFO = YES;
				ONLY_ACTIVE_ARCH = YES;
				SDKROOT = iphoneos;
				SWIFT_OPTIMIZATION_LEVEL = "-Onone";
				TARGETED_DEVICE_FAMILY = "1,2";
			};
			name = Debug;
		};
		F3328E041C8399C100E5AFE5 /* Release */ = {
			isa = XCBuildConfiguration;
			buildSettings = {
				ALWAYS_SEARCH_USER_PATHS = NO;
				CLANG_CXX_LANGUAGE_STANDARD = "gnu++0x";
				CLANG_CXX_LIBRARY = "libc++";
				CLANG_ENABLE_MODULES = YES;
				CLANG_ENABLE_OBJC_ARC = YES;
				CLANG_WARN_BOOL_CONVERSION = YES;
				CLANG_WARN_CONSTANT_CONVERSION = YES;
				CLANG_WARN_DIRECT_OBJC_ISA_USAGE = YES_ERROR;
				CLANG_WARN_EMPTY_BODY = YES;
				CLANG_WARN_ENUM_CONVERSION = YES;
				CLANG_WARN_INT_CONVERSION = YES;
				CLANG_WARN_OBJC_ROOT_CLASS = YES_ERROR;
				CLANG_WARN_UNREACHABLE_CODE = YES;
				CLANG_WARN__DUPLICATE_METHOD_MATCH = YES;
				"CODE_SIGN_IDENTITY[sdk=iphoneos*]" = "iPhone Developer";
				COPY_PHASE_STRIP = NO;
				DEBUG_INFORMATION_FORMAT = "dwarf-with-dsym";
				ENABLE_NS_ASSERTIONS = NO;
				ENABLE_STRICT_OBJC_MSGSEND = YES;
				GCC_C_LANGUAGE_STANDARD = gnu99;
				GCC_NO_COMMON_BLOCKS = YES;
				GCC_WARN_64_TO_32_BIT_CONVERSION = YES;
				GCC_WARN_ABOUT_RETURN_TYPE = YES_ERROR;
				GCC_WARN_UNDECLARED_SELECTOR = YES;
				GCC_WARN_UNINITIALIZED_AUTOS = YES_AGGRESSIVE;
				GCC_WARN_UNUSED_FUNCTION = YES;
				GCC_WARN_UNUSED_VARIABLE = YES;
				IPHONEOS_DEPLOYMENT_TARGET = 9.2;
				MTL_ENABLE_DEBUG_INFO = NO;
				SDKROOT = iphoneos;
				TARGETED_DEVICE_FAMILY = "1,2";
				VALIDATE_PRODUCT = YES;
			};
			name = Release;
		};
		F3328E061C8399C100E5AFE5 /* Debug */ = {
			isa = XCBuildConfiguration;
			buildSettings = {
				ASSETCATALOG_COMPILER_APPICON_NAME = AppIcon;
				INFOPLIST_FILE = "scheduler-app/Info.plist";
				LD_RUNPATH_SEARCH_PATHS = "$(inherited) @executable_path/Frameworks";
				PRODUCT_BUNDLE_IDENTIFIER = "com.Victoria.scheduler-app";
				PRODUCT_NAME = "$(TARGET_NAME)";
			};
			name = Debug;
		};
		F3328E071C8399C100E5AFE5 /* Release */ = {
			isa = XCBuildConfiguration;
			buildSettings = {
				ASSETCATALOG_COMPILER_APPICON_NAME = AppIcon;
				INFOPLIST_FILE = "scheduler-app/Info.plist";
				LD_RUNPATH_SEARCH_PATHS = "$(inherited) @executable_path/Frameworks";
				PRODUCT_BUNDLE_IDENTIFIER = "com.Victoria.scheduler-app";
				PRODUCT_NAME = "$(TARGET_NAME)";
			};
			name = Release;
		};
		F3328E091C8399C100E5AFE5 /* Debug */ = {
			isa = XCBuildConfiguration;
			buildSettings = {
				BUNDLE_LOADER = "$(TEST_HOST)";
				INFOPLIST_FILE = "scheduler-appTests/Info.plist";
				LD_RUNPATH_SEARCH_PATHS = "$(inherited) @executable_path/Frameworks @loader_path/Frameworks";
				PRODUCT_BUNDLE_IDENTIFIER = "com.Victoria.scheduler-appTests";
				PRODUCT_NAME = "$(TARGET_NAME)";
				TEST_HOST = "$(BUILT_PRODUCTS_DIR)/scheduler-app.app/scheduler-app";
			};
			name = Debug;
		};
		F3328E0A1C8399C100E5AFE5 /* Release */ = {
			isa = XCBuildConfiguration;
			buildSettings = {
				BUNDLE_LOADER = "$(TEST_HOST)";
				INFOPLIST_FILE = "scheduler-appTests/Info.plist";
				LD_RUNPATH_SEARCH_PATHS = "$(inherited) @executable_path/Frameworks @loader_path/Frameworks";
				PRODUCT_BUNDLE_IDENTIFIER = "com.Victoria.scheduler-appTests";
				PRODUCT_NAME = "$(TARGET_NAME)";
				TEST_HOST = "$(BUILT_PRODUCTS_DIR)/scheduler-app.app/scheduler-app";
			};
			name = Release;
		};
		F3328E0C1C8399C100E5AFE5 /* Debug */ = {
			isa = XCBuildConfiguration;
			buildSettings = {
				INFOPLIST_FILE = "scheduler-appUITests/Info.plist";
				LD_RUNPATH_SEARCH_PATHS = "$(inherited) @executable_path/Frameworks @loader_path/Frameworks";
				PRODUCT_BUNDLE_IDENTIFIER = "com.Victoria.scheduler-appUITests";
				PRODUCT_NAME = "$(TARGET_NAME)";
				TEST_TARGET_NAME = "scheduler-app";
				USES_XCTRUNNER = YES;
			};
			name = Debug;
		};
		F3328E0D1C8399C100E5AFE5 /* Release */ = {
			isa = XCBuildConfiguration;
			buildSettings = {
				INFOPLIST_FILE = "scheduler-appUITests/Info.plist";
				LD_RUNPATH_SEARCH_PATHS = "$(inherited) @executable_path/Frameworks @loader_path/Frameworks";
				PRODUCT_BUNDLE_IDENTIFIER = "com.Victoria.scheduler-appUITests";
				PRODUCT_NAME = "$(TARGET_NAME)";
				TEST_TARGET_NAME = "scheduler-app";
				USES_XCTRUNNER = YES;
			};
			name = Release;
		};
/* End XCBuildConfiguration section */

/* Begin XCConfigurationList section */
		F3328DD81C8399C000E5AFE5 /* Build configuration list for PBXProject "scheduler-app" */ = {
			isa = XCConfigurationList;
			buildConfigurations = (
				F3328E031C8399C100E5AFE5 /* Debug */,
				F3328E041C8399C100E5AFE5 /* Release */,
			);
			defaultConfigurationIsVisible = 0;
			defaultConfigurationName = Release;
		};
		F3328E051C8399C100E5AFE5 /* Build configuration list for PBXNativeTarget "scheduler-app" */ = {
			isa = XCConfigurationList;
			buildConfigurations = (
				F3328E061C8399C100E5AFE5 /* Debug */,
				F3328E071C8399C100E5AFE5 /* Release */,
			);
			defaultConfigurationIsVisible = 0;
		};
		F3328E081C8399C100E5AFE5 /* Build configuration list for PBXNativeTarget "scheduler-appTests" */ = {
			isa = XCConfigurationList;
			buildConfigurations = (
				F3328E091C8399C100E5AFE5 /* Debug */,
				F3328E0A1C8399C100E5AFE5 /* Release */,
			);
			defaultConfigurationIsVisible = 0;
		};
		F3328E0B1C8399C100E5AFE5 /* Build configuration list for PBXNativeTarget "scheduler-appUITests" */ = {
			isa = XCConfigurationList;
			buildConfigurations = (
				F3328E0C1C8399C100E5AFE5 /* Debug */,
				F3328E0D1C8399C100E5AFE5 /* Release */,
			);
			defaultConfigurationIsVisible = 0;
		};
/* End XCConfigurationList section */
	};
	rootObject = F3328DD51C8399C000E5AFE5 /* Project object */;
}
